
Microsoft Visual Studio Solution File, Format Version 12.00
# Visual Studio Version 17
VisualStudioVersion = 17.11.35312.102
MinimumVisualStudioVersion = 10.0.40219.1
Project("{FAE04EC0-301F-11D3-BF4B-00C04F79EFBC}") = "SampleRtd", "SampleRtd.csproj", "{874C527E-BDA5-4322-8439-7F268499893A}"
EndProject
Project("{FAE04EC0-301F-11D3-BF4B-00C04F79EFBC}") = "SampleExcelDna", "..\SampleExcelDna\SampleExcelDna.csproj", "{53ED6E98-8494-4A65-8E54-74181C11082A}"
EndProject
Global
	GlobalSection(SolutionConfigurationPlatforms) = preSolution
		Debug|Any CPU = Debug|Any CPU
		Release|Any CPU = Release|Any CPU
	EndGlobalSection
	GlobalSection(ProjectConfigurationPlatforms) = postSolution
		{874C527E-BDA5-4322-8439-7F268499893A}.Debug|Any CPU.ActiveCfg = Debug|Any CPU
		{874C527E-BDA5-4322-8439-7F268499893A}.Debug|Any CPU.Build.0 = Debug|Any CPU
		{874C527E-BDA5-4322-8439-7F268499893A}.Release|Any CPU.ActiveCfg = Release|Any CPU
		{874C527E-BDA5-4322-8439-7F268499893A}.Release|Any CPU.Build.0 = Release|Any CPU
		{53ED6E98-8494-4A65-8E54-74181C11082A}.Debug|Any CPU.ActiveCfg = Debug|Any CPU
		{53ED6E98-8494-4A65-8E54-74181C11082A}.Debug|Any CPU.Build.0 = Debug|Any CPU
		{53ED6E98-8494-4A65-8E54-74181C11082A}.Release|Any CPU.ActiveCfg = Release|Any CPU
		{53ED6E98-8494-4A65-8E54-74181C11082A}.Release|Any CPU.Build.0 = Release|Any CPU
	EndGlobalSection
	GlobalSection(SolutionProperties) = preSolution
		HideSolutionNode = FALSE
	EndGlobalSection
	GlobalSection(ExtensibilityGlobals) = postSolution
		SolutionGuid = {2B441EA2-B0CA-4E92-8A5F-DB3F160DA057}
	EndGlobalSection
EndGlobal
